
Microsoft Visual Studio Solution File, Format Version 12.00
# Visual Studio Version 17
VisualStudioVersion = 17.4.33103.184
MinimumVisualStudioVersion = 10.0.40219.1
Project("{FAE04EC0-301F-11D3-BF4B-00C04F79EFBC}") = "SuperHeroAPI", "SuperHeroAPI\SuperHeroAPI.csproj", "{4221E066-8C7E-4C5E-9A39-E6E1F1BAD2F6}"
EndProject
Global
	GlobalSection(SolutionConfigurationPlatforms) = preSolution
		Debug|Any CPU = Debug|Any CPU
		Release|Any CPU = Release|Any CPU
	EndGlobalSection
	GlobalSection(ProjectConfigurationPlatforms) = postSolution
		{4221E066-8C7E-4C5E-9A39-E6E1F1BAD2F6}.Debug|Any CPU.ActiveCfg = Debug|Any CPU
		{4221E066-8C7E-4C5E-9A39-E6E1F1BAD2F6}.Debug|Any CPU.Build.0 = Debug|Any CPU
		{4221E066-8C7E-4C5E-9A39-E6E1F1BAD2F6}.Release|Any CPU.ActiveCfg = Release|Any CPU
		{4221E066-8C7E-4C5E-9A39-E6E1F1BAD2F6}.Release|Any CPU.Build.0 = Release|Any CPU
	EndGlobalSection
	GlobalSection(SolutionProperties) = preSolution
		HideSolutionNode = FALSE
	EndGlobalSection
	GlobalSection(ExtensibilityGlobals) = postSolution
		SolutionGuid = {7BBCF5C6-D005-452D-B4DC-B0515E0290E1}
	EndGlobalSection
EndGlobal
